{
  "lockfileVersion": 1,
  "configVersion": 1,
  "workspaces": {
    "": {
      "name": "borg-sidecar",
      "dependencies": {
        "docxtemplater": "^3.68.3",
        "pizzip": "^3.2.0",
      },
    },
  },
  "packages": {
    "@xmldom/xmldom": ["@xmldom/xmldom@0.9.8", "", {}, "sha512-p96FSY54r+WJ50FIOsCOjyj/wavs8921hG5+kVMmZgKcvIKxMXHTrjNJvRgWa/zuX3B6t2lijLNFaOyuxUH+2A=="],

    "docxtemplater": ["docxtemplater@3.68.3", "", { "dependencies": { "@xmldom/xmldom": "^0.9.8" } }, "sha512-hTZfGcHgN60A09w68Qj0EQRCnF5kf2/ohFlZlUVqAOozCFwx9QMm8naCTvmTsXafuO3nG9qpS4pQWSjFdaCWfQ=="],

    "pako": ["pako@2.1.0", "", {}, "sha512-w+eufiZ1WuJYgPXbV/PO3NCMEc3xqylkKHzp8bxp1uW4qaSNQUkwmLLEc3kKsfz8lpV1F8Ht3U1Cm+9Srog2ug=="],

    "pizzip": ["pizzip@3.2.0", "", { "dependencies": { "pako": "^2.1.0" } }, "sha512-X4NPNICxCfIK8VYhF6wbksn81vTiziyLbvKuORVAmolvnUzl1A1xmz9DAWKxPRq9lZg84pJOOAMq3OE61bD8IQ=="],
  }
}
